
Microsoft Visual Studio Solution File, Format Version 12.00
# Visual Studio Version 16
VisualStudioVersion = 16.0.30002.166
MinimumVisualStudioVersion = 10.0.40219.1
Project("{9A19103F-16F7-4668-BE54-9A1E7A4F7556}") = "Hospital_managment_system", "Hospital_managment_system.csproj", "{82647428-6CFC-4B04-9532-645E0CE46F83}"
	ProjectSection(ProjectDependencies) = postProject
		{79F40C75-95F3-400E-A458-FB5B649F58C1} = {79F40C75-95F3-400E-A458-FB5B649F58C1}
	EndProjectSection
EndProject
Project("{9A19103F-16F7-4668-BE54-9A1E7A4F7556}") = "DataBase", "..\Repository\DataBase.csproj", "{79F40C75-95F3-400E-A458-FB5B649F58C1}"
EndProject
Global
	GlobalSection(SolutionConfigurationPlatforms) = preSolution
		Debug|Any CPU = Debug|Any CPU
		Release|Any CPU = Release|Any CPU
	EndGlobalSection
	GlobalSection(ProjectConfigurationPlatforms) = postSolution
		{82647428-6CFC-4B04-9532-645E0CE46F83}.Debug|Any CPU.ActiveCfg = Debug|Any CPU
		{82647428-6CFC-4B04-9532-645E0CE46F83}.Debug|Any CPU.Build.0 = Debug|Any CPU
		{82647428-6CFC-4B04-9532-645E0CE46F83}.Release|Any CPU.ActiveCfg = Release|Any CPU
		{82647428-6CFC-4B04-9532-645E0CE46F83}.Release|Any CPU.Build.0 = Release|Any CPU
		{79F40C75-95F3-400E-A458-FB5B649F58C1}.Debug|Any CPU.ActiveCfg = Debug|Any CPU
		{79F40C75-95F3-400E-A458-FB5B649F58C1}.Debug|Any CPU.Build.0 = Debug|Any CPU
		{79F40C75-95F3-400E-A458-FB5B649F58C1}.Release|Any CPU.ActiveCfg = Release|Any CPU
		{79F40C75-95F3-400E-A458-FB5B649F58C1}.Release|Any CPU.Build.0 = Release|Any CPU
	EndGlobalSection
	GlobalSection(SolutionProperties) = preSolution
		HideSolutionNode = FALSE
	EndGlobalSection
	GlobalSection(ExtensibilityGlobals) = postSolution
		SolutionGuid = {8A16DB93-DA1E-47A3-8E48-BBA1261B6FD9}
	EndGlobalSection
EndGlobal
